
Microsoft Visual Studio Solution File, Format Version 12.00
# Visual Studio Version 17
VisualStudioVersion = 17.0.31612.314
MinimumVisualStudioVersion = 10.0.40219.1
Project("{9A19103F-16F7-4668-BE54-9A1E7A4F7556}") = "Mystwood.Landing", "Mystwood.Landing\Mystwood.Landing.csproj", "{50953F7F-0F45-4F67-912A-C7E121785D0F}"
EndProject
Project("{9A19103F-16F7-4668-BE54-9A1E7A4F7556}") = "Tests.Mystwood.Landing", "Tests\Tests.Mystwood.Landing\Tests.Mystwood.Landing.csproj", "{4BB05CB6-31D4-4D6A-85AE-DDA2EBD3E2F7}"
EndProject
Project("{FAE04EC0-301F-11D3-BF4B-00C04F79EFBC}") = "Mystwood.Landing.GrpcLarp", "Mystwood.Landing.GrpcLarp\Mystwood.Landing.GrpcLarp.csproj", "{B2192B24-8EDD-47EE-91CE-B3BE424C43BD}"
EndProject
Global
	GlobalSection(SolutionConfigurationPlatforms) = preSolution
		Debug|Any CPU = Debug|Any CPU
		Release|Any CPU = Release|Any CPU
	EndGlobalSection
	GlobalSection(ProjectConfigurationPlatforms) = postSolution
		{50953F7F-0F45-4F67-912A-C7E121785D0F}.Debug|Any CPU.ActiveCfg = Debug|Any CPU
		{50953F7F-0F45-4F67-912A-C7E121785D0F}.Debug|Any CPU.Build.0 = Debug|Any CPU
		{50953F7F-0F45-4F67-912A-C7E121785D0F}.Release|Any CPU.ActiveCfg = Release|Any CPU
		{50953F7F-0F45-4F67-912A-C7E121785D0F}.Release|Any CPU.Build.0 = Release|Any CPU
		{4BB05CB6-31D4-4D6A-85AE-DDA2EBD3E2F7}.Debug|Any CPU.ActiveCfg = Debug|Any CPU
		{4BB05CB6-31D4-4D6A-85AE-DDA2EBD3E2F7}.Debug|Any CPU.Build.0 = Debug|Any CPU
		{4BB05CB6-31D4-4D6A-85AE-DDA2EBD3E2F7}.Release|Any CPU.ActiveCfg = Release|Any CPU
		{4BB05CB6-31D4-4D6A-85AE-DDA2EBD3E2F7}.Release|Any CPU.Build.0 = Release|Any CPU
		{B2192B24-8EDD-47EE-91CE-B3BE424C43BD}.Debug|Any CPU.ActiveCfg = Debug|Any CPU
		{B2192B24-8EDD-47EE-91CE-B3BE424C43BD}.Debug|Any CPU.Build.0 = Debug|Any CPU
		{B2192B24-8EDD-47EE-91CE-B3BE424C43BD}.Release|Any CPU.ActiveCfg = Release|Any CPU
		{B2192B24-8EDD-47EE-91CE-B3BE424C43BD}.Release|Any CPU.Build.0 = Release|Any CPU
	EndGlobalSection
	GlobalSection(SolutionProperties) = preSolution
		HideSolutionNode = FALSE
	EndGlobalSection
	GlobalSection(ExtensibilityGlobals) = postSolution
		SolutionGuid = {F2237ED4-D348-4377-AA9A-32B1AD729285}
	EndGlobalSection
EndGlobal
